
Microsoft Visual Studio Solution File, Format Version 12.00
# Visual Studio Version 17
VisualStudioVersion = 17.2.32630.192
MinimumVisualStudioVersion = 10.0.40219.1
Project("{9A19103F-16F7-4668-BE54-9A1E7A4F7556}") = "R5T.F0038", "R5T.F0038\R5T.F0038.csproj", "{EC2A663D-1F01-4223-B19E-59195396B409}"
EndProject
Project("{2150E333-8FDC-42A3-9474-1A3956D46DE8}") = "_Dependencies", "_Dependencies", "{34DF0D2B-B943-4C3C-8656-92440C5521AB}"
EndProject
Project("{9A19103F-16F7-4668-BE54-9A1E7A4F7556}") = "R5T.F0034", "..\..\R5T.F0034\source\R5T.F0034\R5T.F0034.csproj", "{1A0591C8-C32A-43C0-8247-56A3DBDE9BFF}"
EndProject
Project("{9A19103F-16F7-4668-BE54-9A1E7A4F7556}") = "R5T.F0038.Construction", "R5T.F0038.Construction\R5T.F0038.Construction.csproj", "{574BB9C5-EE4D-4E97-9060-59C8D33EB0D2}"
EndProject
Project("{9A19103F-16F7-4668-BE54-9A1E7A4F7556}") = "R5T.F0000", "..\..\R5T.F0000\source\R5T.F0000\R5T.F0000.csproj", "{0D809B05-3894-4061-85A3-367A8339F5B0}"
EndProject
Project("{9A19103F-16F7-4668-BE54-9A1E7A4F7556}") = "R5T.T0131", "..\..\R5T.T0131\source\R5T.T0131\R5T.T0131.csproj", "{B44751BE-E6D3-4FCE-92C4-0D55F0174D50}"
EndProject
Project("{9A19103F-16F7-4668-BE54-9A1E7A4F7556}") = "R5T.T0132", "..\..\R5T.T0132\source\R5T.T0132\R5T.T0132.csproj", "{C839BADF-D792-4183-998A-76A2B14AED08}"
EndProject
Project("{9A19103F-16F7-4668-BE54-9A1E7A4F7556}") = "R5T.T0142", "..\..\R5T.T0142\source\R5T.T0142\R5T.T0142.csproj", "{BE05455B-5583-4F9D-B435-5D7956B79187}"
EndProject
Project("{9A19103F-16F7-4668-BE54-9A1E7A4F7556}") = "R5T.T0143", "..\..\R5T.T0143\source\R5T.T0143\R5T.T0143.csproj", "{322CBA4E-4C64-4B5F-866C-513D7B3EC45E}"
EndProject
Project("{9A19103F-16F7-4668-BE54-9A1E7A4F7556}") = "R5T.Y0000", "..\..\R5T.Y0000\source\R5T.Y0000\R5T.Y0000.csproj", "{7CB43328-FE60-42C7-B54D-010DA2A979AE}"
EndProject
Project("{9A19103F-16F7-4668-BE54-9A1E7A4F7556}") = "R5T.Z0000", "..\..\R5T.Z0000\source\R5T.Z0000\R5T.Z0000.csproj", "{242B76F0-150A-4A85-9FA0-228EC46562FE}"
EndProject
Project("{9A19103F-16F7-4668-BE54-9A1E7A4F7556}") = "R5T.F0038.F001", "R5T.F0038.F001\R5T.F0038.F001.csproj", "{2F0573D1-5AE5-43D2-9C84-D78550CCF59E}"
EndProject
Project("{9A19103F-16F7-4668-BE54-9A1E7A4F7556}") = "R5T.NG0015", "..\..\R5T.NG0015\source\R5T.NG0015\R5T.NG0015.csproj", "{297CA67F-4E15-4793-8755-36DFB8A32DAB}"
EndProject
Global
	GlobalSection(SolutionConfigurationPlatforms) = preSolution
		Debug|Any CPU = Debug|Any CPU
		Release|Any CPU = Release|Any CPU
	EndGlobalSection
	GlobalSection(ProjectConfigurationPlatforms) = postSolution
		{EC2A663D-1F01-4223-B19E-59195396B409}.Debug|Any CPU.ActiveCfg = Debug|Any CPU
		{EC2A663D-1F01-4223-B19E-59195396B409}.Debug|Any CPU.Build.0 = Debug|Any CPU
		{EC2A663D-1F01-4223-B19E-59195396B409}.Release|Any CPU.ActiveCfg = Release|Any CPU
		{EC2A663D-1F01-4223-B19E-59195396B409}.Release|Any CPU.Build.0 = Release|Any CPU
		{1A0591C8-C32A-43C0-8247-56A3DBDE9BFF}.Debug|Any CPU.ActiveCfg = Debug|Any CPU
		{1A0591C8-C32A-43C0-8247-56A3DBDE9BFF}.Debug|Any CPU.Build.0 = Debug|Any CPU
		{1A0591C8-C32A-43C0-8247-56A3DBDE9BFF}.Release|Any CPU.ActiveCfg = Release|Any CPU
		{1A0591C8-C32A-43C0-8247-56A3DBDE9BFF}.Release|Any CPU.Build.0 = Release|Any CPU
		{574BB9C5-EE4D-4E97-9060-59C8D33EB0D2}.Debug|Any CPU.ActiveCfg = Debug|Any CPU
		{574BB9C5-EE4D-4E97-9060-59C8D33EB0D2}.Debug|Any CPU.Build.0 = Debug|Any CPU
		{574BB9C5-EE4D-4E97-9060-59C8D33EB0D2}.Release|Any CPU.ActiveCfg = Release|Any CPU
		{574BB9C5-EE4D-4E97-9060-59C8D33EB0D2}.Release|Any CPU.Build.0 = Release|Any CPU
		{0D809B05-3894-4061-85A3-367A8339F5B0}.Debug|Any CPU.ActiveCfg = Debug|Any CPU
		{0D809B05-3894-4061-85A3-367A8339F5B0}.Debug|Any CPU.Build.0 = Debug|Any CPU
		{0D809B05-3894-4061-85A3-367A8339F5B0}.Release|Any CPU.ActiveCfg = Release|Any CPU
		{0D809B05-3894-4061-85A3-367A8339F5B0}.Release|Any CPU.Build.0 = Release|Any CPU
		{B44751BE-E6D3-4FCE-92C4-0D55F0174D50}.Debug|Any CPU.ActiveCfg = Debug|Any CPU
		{B44751BE-E6D3-4FCE-92C4-0D55F0174D50}.Debug|Any CPU.Build.0 = Debug|Any CPU
		{B44751BE-E6D3-4FCE-92C4-0D55F0174D50}.Release|Any CPU.ActiveCfg = Release|Any CPU
		{B44751BE-E6D3-4FCE-92C4-0D55F0174D50}.Release|Any CPU.Build.0 = Release|Any CPU
		{C839BADF-D792-4183-998A-76A2B14AED08}.Debug|Any CPU.ActiveCfg = Debug|Any CPU
		{C839BADF-D792-4183-998A-76A2B14AED08}.Debug|Any CPU.Build.0 = Debug|Any CPU
		{C839BADF-D792-4183-998A-76A2B14AED08}.Release|Any CPU.ActiveCfg = Release|Any CPU
		{C839BADF-D792-4183-998A-76A2B14AED08}.Release|Any CPU.Build.0 = Release|Any CPU
		{BE05455B-5583-4F9D-B435-5D7956B79187}.Debug|Any CPU.ActiveCfg = Debug|Any CPU
		{BE05455B-5583-4F9D-B435-5D7956B79187}.Debug|Any CPU.Build.0 = Debug|Any CPU
		{BE05455B-5583-4F9D-B435-5D7956B79187}.Release|Any CPU.ActiveCfg = Release|Any CPU
		{BE05455B-5583-4F9D-B435-5D7956B79187}.Release|Any CPU.Build.0 = Release|Any CPU
		{322CBA4E-4C64-4B5F-866C-513D7B3EC45E}.Debug|Any CPU.ActiveCfg = Debug|Any CPU
		{322CBA4E-4C64-4B5F-866C-513D7B3EC45E}.Debug|Any CPU.Build.0 = Debug|Any CPU
		{322CBA4E-4C64-4B5F-866C-513D7B3EC45E}.Release|Any CPU.ActiveCfg = Release|Any CPU
		{322CBA4E-4C64-4B5F-866C-513D7B3EC45E}.Release|Any CPU.Build.0 = Release|Any CPU
		{7CB43328-FE60-42C7-B54D-010DA2A979AE}.Debug|Any CPU.ActiveCfg = Debug|Any CPU
		{7CB43328-FE60-42C7-B54D-010DA2A979AE}.Debug|Any CPU.Build.0 = Debug|Any CPU
		{7CB43328-FE60-42C7-B54D-010DA2A979AE}.Release|Any CPU.ActiveCfg = Release|Any CPU
		{7CB43328-FE60-42C7-B54D-010DA2A979AE}.Release|Any CPU.Build.0 = Release|Any CPU
		{242B76F0-150A-4A85-9FA0-228EC46562FE}.Debug|Any CPU.ActiveCfg = Debug|Any CPU
		{242B76F0-150A-4A85-9FA0-228EC46562FE}.Debug|Any CPU.Build.0 = Debug|Any CPU
		{242B76F0-150A-4A85-9FA0-228EC46562FE}.Release|Any CPU.ActiveCfg = Release|Any CPU
		{242B76F0-150A-4A85-9FA0-228EC46562FE}.Release|Any CPU.Build.0 = Release|Any CPU
		{2F0573D1-5AE5-43D2-9C84-D78550CCF59E}.Debug|Any CPU.ActiveCfg = Debug|Any CPU
		{2F0573D1-5AE5-43D2-9C84-D78550CCF59E}.Debug|Any CPU.Build.0 = Debug|Any CPU
		{2F0573D1-5AE5-43D2-9C84-D78550CCF59E}.Release|Any CPU.ActiveCfg = Release|Any CPU
		{2F0573D1-5AE5-43D2-9C84-D78550CCF59E}.Release|Any CPU.Build.0 = Release|Any CPU
		{297CA67F-4E15-4793-8755-36DFB8A32DAB}.Debug|Any CPU.ActiveCfg = Debug|Any CPU
		{297CA67F-4E15-4793-8755-36DFB8A32DAB}.Debug|Any CPU.Build.0 = Debug|Any CPU
		{297CA67F-4E15-4793-8755-36DFB8A32DAB}.Release|Any CPU.ActiveCfg = Release|Any CPU
		{297CA67F-4E15-4793-8755-36DFB8A32DAB}.Release|Any CPU.Build.0 = Release|Any CPU
	EndGlobalSection
	GlobalSection(SolutionProperties) = preSolution
		HideSolutionNode = FALSE
	EndGlobalSection
	GlobalSection(NestedProjects) = preSolution
		{1A0591C8-C32A-43C0-8247-56A3DBDE9BFF} = {34DF0D2B-B943-4C3C-8656-92440C5521AB}
		{0D809B05-3894-4061-85A3-367A8339F5B0} = {34DF0D2B-B943-4C3C-8656-92440C5521AB}
		{B44751BE-E6D3-4FCE-92C4-0D55F0174D50} = {34DF0D2B-B943-4C3C-8656-92440C5521AB}
		{C839BADF-D792-4183-998A-76A2B14AED08} = {34DF0D2B-B943-4C3C-8656-92440C5521AB}
		{BE05455B-5583-4F9D-B435-5D7956B79187} = {34DF0D2B-B943-4C3C-8656-92440C5521AB}
		{322CBA4E-4C64-4B5F-866C-513D7B3EC45E} = {34DF0D2B-B943-4C3C-8656-92440C5521AB}
		{7CB43328-FE60-42C7-B54D-010DA2A979AE} = {34DF0D2B-B943-4C3C-8656-92440C5521AB}
		{242B76F0-150A-4A85-9FA0-228EC46562FE} = {34DF0D2B-B943-4C3C-8656-92440C5521AB}
		{297CA67F-4E15-4793-8755-36DFB8A32DAB} = {34DF0D2B-B943-4C3C-8656-92440C5521AB}
	EndGlobalSection
	GlobalSection(ExtensibilityGlobals) = postSolution
		SolutionGuid = {17EDE1EE-C4CB-43AE-9C3D-ADF2C786C915}
	EndGlobalSection
EndGlobal
